
Microsoft Visual Studio Solution File, Format Version 12.00
# Visual Studio Version 16
VisualStudioVersion = 25.0.1704.4
MinimumVisualStudioVersion = 10.0.40219.1
Project("{FAE04EC0-301F-11D3-BF4B-00C04F79EFBC}") = "classwork4", "classwork4\classwork4.csproj", "{9CBB1B8E-D374-42BB-A44C-3ACA997FEE96}"
EndProject
Global
	GlobalSection(SolutionConfigurationPlatforms) = preSolution
		Debug|Any CPU = Debug|Any CPU
		Release|Any CPU = Release|Any CPU
	EndGlobalSection
	GlobalSection(ProjectConfigurationPlatforms) = postSolution
		{9CBB1B8E-D374-42BB-A44C-3ACA997FEE96}.Debug|Any CPU.ActiveCfg = Debug|Any CPU
		{9CBB1B8E-D374-42BB-A44C-3ACA997FEE96}.Debug|Any CPU.Build.0 = Debug|Any CPU
		{9CBB1B8E-D374-42BB-A44C-3ACA997FEE96}.Release|Any CPU.ActiveCfg = Release|Any CPU
		{9CBB1B8E-D374-42BB-A44C-3ACA997FEE96}.Release|Any CPU.Build.0 = Release|Any CPU
	EndGlobalSection
	GlobalSection(SolutionProperties) = preSolution
		HideSolutionNode = FALSE
	EndGlobalSection
	GlobalSection(ExtensibilityGlobals) = postSolution
		SolutionGuid = {A73E7026-F245-435C-A628-FF8FAA0DAE05}
	EndGlobalSection
EndGlobal
